
Microsoft Visual Studio Solution File, Format Version 12.00
# Visual Studio Version 16
VisualStudioVersion = 16.0.28922.388
MinimumVisualStudioVersion = 10.0.40219.1
Project("{FAE04EC0-301F-11D3-BF4B-00C04F79EFBC}") = "Marire2", "Marire2.csproj", "{4754A946-6FD7-4429-9B77-09B9C947858F}"
EndProject
Global
	GlobalSection(SolutionConfigurationPlatforms) = preSolution
		Debug|Any CPU = Debug|Any CPU
		Release|Any CPU = Release|Any CPU
	EndGlobalSection
	GlobalSection(ProjectConfigurationPlatforms) = postSolution
		{4754A946-6FD7-4429-9B77-09B9C947858F}.Debug|Any CPU.ActiveCfg = Debug|Any CPU
		{4754A946-6FD7-4429-9B77-09B9C947858F}.Debug|Any CPU.Build.0 = Debug|Any CPU
		{4754A946-6FD7-4429-9B77-09B9C947858F}.Release|Any CPU.ActiveCfg = Release|Any CPU
		{4754A946-6FD7-4429-9B77-09B9C947858F}.Release|Any CPU.Build.0 = Release|Any CPU
	EndGlobalSection
	GlobalSection(SolutionProperties) = preSolution
		HideSolutionNode = FALSE
	EndGlobalSection
	GlobalSection(ExtensibilityGlobals) = postSolution
		SolutionGuid = {377A6D48-9DD9-4E5F-85DB-1C3C769746F1}
	EndGlobalSection
EndGlobal
