
Microsoft Visual Studio Solution File, Format Version 12.00
# Visual Studio 15
VisualStudioVersion = 15.0.28010.2041
MinimumVisualStudioVersion = 10.0.40219.1
Project("{FAE04EC0-301F-11D3-BF4B-00C04F79EFBC}") = "20190304", "20190304\20190304.csproj", "{B9D0E9F9-2E0E-48A2-8E60-DB07CB32CE6D}"
EndProject
Global
	GlobalSection(SolutionConfigurationPlatforms) = preSolution
		Debug|Any CPU = Debug|Any CPU
		Release|Any CPU = Release|Any CPU
	EndGlobalSection
	GlobalSection(ProjectConfigurationPlatforms) = postSolution
		{B9D0E9F9-2E0E-48A2-8E60-DB07CB32CE6D}.Debug|Any CPU.ActiveCfg = Debug|Any CPU
		{B9D0E9F9-2E0E-48A2-8E60-DB07CB32CE6D}.Debug|Any CPU.Build.0 = Debug|Any CPU
		{B9D0E9F9-2E0E-48A2-8E60-DB07CB32CE6D}.Release|Any CPU.ActiveCfg = Release|Any CPU
		{B9D0E9F9-2E0E-48A2-8E60-DB07CB32CE6D}.Release|Any CPU.Build.0 = Release|Any CPU
	EndGlobalSection
	GlobalSection(SolutionProperties) = preSolution
		HideSolutionNode = FALSE
	EndGlobalSection
	GlobalSection(ExtensibilityGlobals) = postSolution
		SolutionGuid = {3A8147B3-DB59-40B6-86A5-BAE2C13A1404}
	EndGlobalSection
EndGlobal
